// !$*UTF8*$!
{
	archiveVersion = 1;
	classes = {
	};
	objectVersion = 55;
	objects = {

/* Begin PBXBuildFile section */
		1EE01FD2072A84839F2395B8 /* Pods_MarketKurly.framework in Frameworks */ = {isa = PBXBuildFile; fileRef = 3905283A6478F694B39194C1 /* Pods_MarketKurly.framework */; };
		76188AED287F14920065B3CA /* AppDelegate.swift in Sources */ = {isa = PBXBuildFile; fileRef = 76188AEC287F14920065B3CA /* AppDelegate.swift */; };
		76188AEF287F14920065B3CA /* SceneDelegate.swift in Sources */ = {isa = PBXBuildFile; fileRef = 76188AEE287F14920065B3CA /* SceneDelegate.swift */; };
		76188AF1287F14920065B3CA /* HomeViewController.swift in Sources */ = {isa = PBXBuildFile; fileRef = 76188AF0287F14920065B3CA /* HomeViewController.swift */; };
		76188AF4287F14920065B3CA /* Main.storyboard in Resources */ = {isa = PBXBuildFile; fileRef = 76188AF2287F14920065B3CA /* Main.storyboard */; };
		76188AF6287F14940065B3CA /* Assets.xcassets in Resources */ = {isa = PBXBuildFile; fileRef = 76188AF5287F14940065B3CA /* Assets.xcassets */; };
		76188AF9287F14940065B3CA /* LaunchScreen.storyboard in Resources */ = {isa = PBXBuildFile; fileRef = 76188AF7287F14940065B3CA /* LaunchScreen.storyboard */; };
		76188B04288067E60065B3CA /* MenuCell.swift in Sources */ = {isa = PBXBuildFile; fileRef = 76188B02288067E60065B3CA /* MenuCell.swift */; };
		76188B05288067E60065B3CA /* MenuCell.xib in Resources */ = {isa = PBXBuildFile; fileRef = 76188B03288067E60065B3CA /* MenuCell.xib */; };
		76188B0728806B150065B3CA /* FocusView.xib in Resources */ = {isa = PBXBuildFile; fileRef = 76188B0628806B150065B3CA /* FocusView.xib */; };
		76188B09288078470065B3CA /* SpecialViewController.swift in Sources */ = {isa = PBXBuildFile; fileRef = 76188B08288078470065B3CA /* SpecialViewController.swift */; };
		76188B0B288078920065B3CA /* RecommendViewController.swift in Sources */ = {isa = PBXBuildFile; fileRef = 76188B0A288078920065B3CA /* RecommendViewController.swift */; };
		76188B0E288081930065B3CA /* Menu.swift in Sources */ = {isa = PBXBuildFile; fileRef = 76188B0D288081930065B3CA /* Menu.swift */; };
		76188B14288085080065B3CA /* ImageSlideCell.swift in Sources */ = {isa = PBXBuildFile; fileRef = 76188B12288085080065B3CA /* ImageSlideCell.swift */; };
		76188B15288085080065B3CA /* ImageSlideCell.xib in Resources */ = {isa = PBXBuildFile; fileRef = 76188B13288085080065B3CA /* ImageSlideCell.xib */; };
		76188B18288085450065B3CA /* RecommendCell.swift in Sources */ = {isa = PBXBuildFile; fileRef = 76188B16288085450065B3CA /* RecommendCell.swift */; };
		76188B19288085450065B3CA /* RecommendCell.xib in Resources */ = {isa = PBXBuildFile; fileRef = 76188B17288085450065B3CA /* RecommendCell.xib */; };
		76188B1C288085590065B3CA /* BannerCell.swift in Sources */ = {isa = PBXBuildFile; fileRef = 76188B1A288085590065B3CA /* BannerCell.swift */; };
		76188B1D288085590065B3CA /* BannerCell.xib in Resources */ = {isa = PBXBuildFile; fileRef = 76188B1B288085590065B3CA /* BannerCell.xib */; };
		76188B202880857C0065B3CA /* SpecialCell.swift in Sources */ = {isa = PBXBuildFile; fileRef = 76188B1E2880857C0065B3CA /* SpecialCell.swift */; };
		76188B212880857C0065B3CA /* SpecialCell.xib in Resources */ = {isa = PBXBuildFile; fileRef = 76188B1F2880857C0065B3CA /* SpecialCell.xib */; };
		76188B242880859A0065B3CA /* DailyCell.swift in Sources */ = {isa = PBXBuildFile; fileRef = 76188B222880859A0065B3CA /* DailyCell.swift */; };
		76188B252880859A0065B3CA /* DailyCell.xib in Resources */ = {isa = PBXBuildFile; fileRef = 76188B232880859A0065B3CA /* DailyCell.xib */; };
		76188B2B288087770065B3CA /* RecommendCollectionViewCell.swift in Sources */ = {isa = PBXBuildFile; fileRef = 76188B29288087770065B3CA /* RecommendCollectionViewCell.swift */; };
		76188B2C288087770065B3CA /* RecommendCollectionViewCell.xib in Resources */ = {isa = PBXBuildFile; fileRef = 76188B2A288087770065B3CA /* RecommendCollectionViewCell.xib */; };
		76188B2F288087990065B3CA /* ImageSlideCollectionViewCell.swift in Sources */ = {isa = PBXBuildFile; fileRef = 76188B2D288087990065B3CA /* ImageSlideCollectionViewCell.swift */; };
		76188B30288087990065B3CA /* ImageSlideCollectionViewCell.xib in Resources */ = {isa = PBXBuildFile; fileRef = 76188B2E288087990065B3CA /* ImageSlideCollectionViewCell.xib */; };
		76188B33288087AB0065B3CA /* DailyCollectionViewCell.swift in Sources */ = {isa = PBXBuildFile; fileRef = 76188B31288087AB0065B3CA /* DailyCollectionViewCell.swift */; };
		76188B34288087AB0065B3CA /* DailyCollectionViewCell.xib in Resources */ = {isa = PBXBuildFile; fileRef = 76188B32288087AB0065B3CA /* DailyCollectionViewCell.xib */; };
/* End PBXBuildFile section */

/* Begin PBXFileReference section */
		0C1005300A484C528A4CD012 /* Pods-MarketKurly.debug.xcconfig */ = {isa = PBXFileReference; includeInIndex = 1; lastKnownFileType = text.xcconfig; name = "Pods-MarketKurly.debug.xcconfig"; path = "Target Support Files/Pods-MarketKurly/Pods-MarketKurly.debug.xcconfig"; sourceTree = "<group>"; };
		3905283A6478F694B39194C1 /* Pods_MarketKurly.framework */ = {isa = PBXFileReference; explicitFileType = wrapper.framework; includeInIndex = 0; path = Pods_MarketKurly.framework; sourceTree = BUILT_PRODUCTS_DIR; };
		76188AE9287F14920065B3CA /* MarketKurly.app */ = {isa = PBXFileReference; explicitFileType = wrapper.application; includeInIndex = 0; path = MarketKurly.app; sourceTree = BUILT_PRODUCTS_DIR; };
		76188AEC287F14920065B3CA /* AppDelegate.swift */ = {isa = PBXFileReference; lastKnownFileType = sourcecode.swift; path = AppDelegate.swift; sourceTree = "<group>"; };
		76188AEE287F14920065B3CA /* SceneDelegate.swift */ = {isa = PBXFileReference; lastKnownFileType = sourcecode.swift; path = SceneDelegate.swift; sourceTree = "<group>"; };
		76188AF0287F14920065B3CA /* HomeViewController.swift */ = {isa = PBXFileReference; lastKnownFileType = sourcecode.swift; path = HomeViewController.swift; sourceTree = "<group>"; };
		76188AF3287F14920065B3CA /* Base */ = {isa = PBXFileReference; lastKnownFileType = file.storyboard; name = Base; path = Base.lproj/Main.storyboard; sourceTree = "<group>"; };
		76188AF5287F14940065B3CA /* Assets.xcassets */ = {isa = PBXFileReference; lastKnownFileType = folder.assetcatalog; path = Assets.xcassets; sourceTree = "<group>"; };
		76188AF8287F14940065B3CA /* Base */ = {isa = PBXFileReference; lastKnownFileType = file.storyboard; name = Base; path = Base.lproj/LaunchScreen.storyboard; sourceTree = "<group>"; };
		76188AFA287F14940065B3CA /* Info.plist */ = {isa = PBXFileReference; lastKnownFileType = text.plist.xml; path = Info.plist; sourceTree = "<group>"; };
		76188B02288067E60065B3CA /* MenuCell.swift */ = {isa = PBXFileReference; lastKnownFileType = sourcecode.swift; path = MenuCell.swift; sourceTree = "<group>"; };
		76188B03288067E60065B3CA /* MenuCell.xib */ = {isa = PBXFileReference; lastKnownFileType = file.xib; path = MenuCell.xib; sourceTree = "<group>"; };
		76188B0628806B150065B3CA /* FocusView.xib */ = {isa = PBXFileReference; lastKnownFileType = file.xib; path = FocusView.xib; sourceTree = "<group>"; };
		76188B08288078470065B3CA /* SpecialViewController.swift */ = {isa = PBXFileReference; lastKnownFileType = sourcecode.swift; path = SpecialViewController.swift; sourceTree = "<group>"; };
		76188B0A288078920065B3CA /* RecommendViewController.swift */ = {isa = PBXFileReference; lastKnownFileType = sourcecode.swift; path = RecommendViewController.swift; sourceTree = "<group>"; };
		76188B0D288081930065B3CA /* Menu.swift */ = {isa = PBXFileReference; lastKnownFileType = sourcecode.swift; path = Menu.swift; sourceTree = "<group>"; };
		76188B12288085080065B3CA /* ImageSlideCell.swift */ = {isa = PBXFileReference; lastKnownFileType = sourcecode.swift; path = ImageSlideCell.swift; sourceTree = "<group>"; };
		76188B13288085080065B3CA /* ImageSlideCell.xib */ = {isa = PBXFileReference; lastKnownFileType = file.xib; path = ImageSlideCell.xib; sourceTree = "<group>"; };
		76188B16288085450065B3CA /* RecommendCell.swift */ = {isa = PBXFileReference; lastKnownFileType = sourcecode.swift; path = RecommendCell.swift; sourceTree = "<group>"; };
		76188B17288085450065B3CA /* RecommendCell.xib */ = {isa = PBXFileReference; lastKnownFileType = file.xib; path = RecommendCell.xib; sourceTree = "<group>"; };
		76188B1A288085590065B3CA /* BannerCell.swift */ = {isa = PBXFileReference; lastKnownFileType = sourcecode.swift; path = BannerCell.swift; sourceTree = "<group>"; };
		76188B1B288085590065B3CA /* BannerCell.xib */ = {isa = PBXFileReference; lastKnownFileType = file.xib; path = BannerCell.xib; sourceTree = "<group>"; };
		76188B1E2880857C0065B3CA /* SpecialCell.swift */ = {isa = PBXFileReference; lastKnownFileType = sourcecode.swift; path = SpecialCell.swift; sourceTree = "<group>"; };
		76188B1F2880857C0065B3CA /* SpecialCell.xib */ = {isa = PBXFileReference; lastKnownFileType = file.xib; path = SpecialCell.xib; sourceTree = "<group>"; };
		76188B222880859A0065B3CA /* DailyCell.swift */ = {isa = PBXFileReference; lastKnownFileType = sourcecode.swift; path = DailyCell.swift; sourceTree = "<group>"; };
		76188B232880859A0065B3CA /* DailyCell.xib */ = {isa = PBXFileReference; lastKnownFileType = file.xib; path = DailyCell.xib; sourceTree = "<group>"; };
		76188B29288087770065B3CA /* RecommendCollectionViewCell.swift */ = {isa = PBXFileReference; lastKnownFileType = sourcecode.swift; path = RecommendCollectionViewCell.swift; sourceTree = "<group>"; };
		76188B2A288087770065B3CA /* RecommendCollectionViewCell.xib */ = {isa = PBXFileReference; lastKnownFileType = file.xib; path = RecommendCollectionViewCell.xib; sourceTree = "<group>"; };
		76188B2D288087990065B3CA /* ImageSlideCollectionViewCell.swift */ = {isa = PBXFileReference; lastKnownFileType = sourcecode.swift; path = ImageSlideCollectionViewCell.swift; sourceTree = "<group>"; };
		76188B2E288087990065B3CA /* ImageSlideCollectionViewCell.xib */ = {isa = PBXFileReference; lastKnownFileType = file.xib; path = ImageSlideCollectionViewCell.xib; sourceTree = "<group>"; };
		76188B31288087AB0065B3CA /* DailyCollectionViewCell.swift */ = {isa = PBXFileReference; lastKnownFileType = sourcecode.swift; path = DailyCollectionViewCell.swift; sourceTree = "<group>"; };
		76188B32288087AB0065B3CA /* DailyCollectionViewCell.xib */ = {isa = PBXFileReference; lastKnownFileType = file.xib; path = DailyCollectionViewCell.xib; sourceTree = "<group>"; };
		B769914649E912169AAC0D4A /* Pods-MarketKurly.release.xcconfig */ = {isa = PBXFileReference; includeInIndex = 1; lastKnownFileType = text.xcconfig; name = "Pods-MarketKurly.release.xcconfig"; path = "Target Support Files/Pods-MarketKurly/Pods-MarketKurly.release.xcconfig"; sourceTree = "<group>"; };
/* End PBXFileReference section */

/* Begin PBXFrameworksBuildPhase section */
		76188AE6287F14920065B3CA /* Frameworks */ = {
			isa = PBXFrameworksBuildPhase;
			buildActionMask = 2147483647;
			files = (
				1EE01FD2072A84839F2395B8 /* Pods_MarketKurly.framework in Frameworks */,
			);
			runOnlyForDeploymentPostprocessing = 0;
		};
/* End PBXFrameworksBuildPhase section */

/* Begin PBXGroup section */
		76188AE0287F14920065B3CA = {
			isa = PBXGroup;
			children = (
				76188AEB287F14920065B3CA /* MarketKurly */,
				76188AEA287F14920065B3CA /* Products */,
				F5C15E97CE116059EEA52E26 /* Pods */,
				9ADAA45528B48DF96E0FACB2 /* Frameworks */,
			);
			sourceTree = "<group>";
		};
		76188AEA287F14920065B3CA /* Products */ = {
			isa = PBXGroup;
			children = (
				76188AE9287F14920065B3CA /* MarketKurly.app */,
			);
			name = Products;
			sourceTree = "<group>";
		};
		76188AEB287F14920065B3CA /* MarketKurly */ = {
			isa = PBXGroup;
			children = (
				76188B26288086290065B3CA /* CollectionViewCell */,
				76188B0F288084060065B3CA /* TableViewCell */,
				76188B0C288081850065B3CA /* Data */,
				76188B012880678B0065B3CA /* PagingView */,
				76188B00288067860065B3CA /* Controllers */,
				76188AEC287F14920065B3CA /* AppDelegate.swift */,
				76188AEE287F14920065B3CA /* SceneDelegate.swift */,
				76188AF2287F14920065B3CA /* Main.storyboard */,
				76188AF5287F14940065B3CA /* Assets.xcassets */,
				76188AF7287F14940065B3CA /* LaunchScreen.storyboard */,
				76188AFA287F14940065B3CA /* Info.plist */,
			);
			path = MarketKurly;
			sourceTree = "<group>";
		};
		76188B00288067860065B3CA /* Controllers */ = {
			isa = PBXGroup;
			children = (
				76188AF0287F14920065B3CA /* HomeViewController.swift */,
				76188B0A288078920065B3CA /* RecommendViewController.swift */,
				76188B08288078470065B3CA /* SpecialViewController.swift */,
			);
			path = Controllers;
			sourceTree = "<group>";
		};
		76188B012880678B0065B3CA /* PagingView */ = {
			isa = PBXGroup;
			children = (
				76188B02288067E60065B3CA /* MenuCell.swift */,
				76188B03288067E60065B3CA /* MenuCell.xib */,
				76188B0628806B150065B3CA /* FocusView.xib */,
			);
			path = PagingView;
			sourceTree = "<group>";
		};
		76188B0C288081850065B3CA /* Data */ = {
			isa = PBXGroup;
			children = (
				76188B0D288081930065B3CA /* Menu.swift */,
			);
			path = Data;
			sourceTree = "<group>";
		};
		76188B0F288084060065B3CA /* TableViewCell */ = {
			isa = PBXGroup;
			children = (
				76188B12288085080065B3CA /* ImageSlideCell.swift */,
				76188B13288085080065B3CA /* ImageSlideCell.xib */,
				76188B16288085450065B3CA /* RecommendCell.swift */,
				76188B17288085450065B3CA /* RecommendCell.xib */,
				76188B1A288085590065B3CA /* BannerCell.swift */,
				76188B1B288085590065B3CA /* BannerCell.xib */,
				76188B222880859A0065B3CA /* DailyCell.swift */,
				76188B232880859A0065B3CA /* DailyCell.xib */,
				76188B1E2880857C0065B3CA /* SpecialCell.swift */,
				76188B1F2880857C0065B3CA /* SpecialCell.xib */,
			);
			path = TableViewCell;
			sourceTree = "<group>";
		};
		76188B26288086290065B3CA /* CollectionViewCell */ = {
			isa = PBXGroup;
			children = (
				76188B2D288087990065B3CA /* ImageSlideCollectionViewCell.swift */,
				76188B2E288087990065B3CA /* ImageSlideCollectionViewCell.xib */,
				76188B29288087770065B3CA /* RecommendCollectionViewCell.swift */,
				76188B2A288087770065B3CA /* RecommendCollectionViewCell.xib */,
				76188B31288087AB0065B3CA /* DailyCollectionViewCell.swift */,
				76188B32288087AB0065B3CA /* DailyCollectionViewCell.xib */,
			);
			path = CollectionViewCell;
			sourceTree = "<group>";
		};
		9ADAA45528B48DF96E0FACB2 /* Frameworks */ = {
			isa = PBXGroup;
			children = (
				3905283A6478F694B39194C1 /* Pods_MarketKurly.framework */,
			);
			name = Frameworks;
			sourceTree = "<group>";
		};
		F5C15E97CE116059EEA52E26 /* Pods */ = {
			isa = PBXGroup;
			children = (
				0C1005300A484C528A4CD012 /* Pods-MarketKurly.debug.xcconfig */,
				B769914649E912169AAC0D4A /* Pods-MarketKurly.release.xcconfig */,
			);
			path = Pods;
			sourceTree = "<group>";
		};
/* End PBXGroup section */

/* Begin PBXNativeTarget section */
		76188AE8287F14920065B3CA /* MarketKurly */ = {
			isa = PBXNativeTarget;
			buildConfigurationList = 76188AFD287F14940065B3CA /* Build configuration list for PBXNativeTarget "MarketKurly" */;
			buildPhases = (
				106EAFE9F9BF4961DF695F5C /* [CP] Check Pods Manifest.lock */,
				76188AE5287F14920065B3CA /* Sources */,
				76188AE6287F14920065B3CA /* Frameworks */,
				76188AE7287F14920065B3CA /* Resources */,
				A35B98B692775B394BA89747 /* [CP] Embed Pods Frameworks */,
			);
			buildRules = (
			);
			dependencies = (
			);
			name = MarketKurly;
			productName = MarketKurly;
			productReference = 76188AE9287F14920065B3CA /* MarketKurly.app */;
			productType = "com.apple.product-type.application";
		};
/* End PBXNativeTarget section */

/* Begin PBXProject section */
		76188AE1287F14920065B3CA /* Project object */ = {
			isa = PBXProject;
			attributes = {
				BuildIndependentTargetsInParallel = 1;
				LastSwiftUpdateCheck = 1340;
				LastUpgradeCheck = 1340;
				TargetAttributes = {
					76188AE8287F14920065B3CA = {
						CreatedOnToolsVersion = 13.4.1;
					};
				};
			};
			buildConfigurationList = 76188AE4287F14920065B3CA /* Build configuration list for PBXProject "MarketKurly" */;
			compatibilityVersion = "Xcode 13.0";
			developmentRegion = en;
			hasScannedForEncodings = 0;
			knownRegions = (
				en,
				Base,
			);
			mainGroup = 76188AE0287F14920065B3CA;
			productRefGroup = 76188AEA287F14920065B3CA /* Products */;
			projectDirPath = "";
			projectRoot = "";
			targets = (
				76188AE8287F14920065B3CA /* MarketKurly */,
			);
		};
/* End PBXProject section */

/* Begin PBXResourcesBuildPhase section */
		76188AE7287F14920065B3CA /* Resources */ = {
			isa = PBXResourcesBuildPhase;
			buildActionMask = 2147483647;
			files = (
				76188AF9287F14940065B3CA /* LaunchScreen.storyboard in Resources */,
				76188B05288067E60065B3CA /* MenuCell.xib in Resources */,
				76188B2C288087770065B3CA /* RecommendCollectionViewCell.xib in Resources */,
				76188AF6287F14940065B3CA /* Assets.xcassets in Resources */,
				76188B19288085450065B3CA /* RecommendCell.xib in Resources */,
				76188B34288087AB0065B3CA /* DailyCollectionViewCell.xib in Resources */,
				76188AF4287F14920065B3CA /* Main.storyboard in Resources */,
				76188B1D288085590065B3CA /* BannerCell.xib in Resources */,
				76188B15288085080065B3CA /* ImageSlideCell.xib in Resources */,
				76188B30288087990065B3CA /* ImageSlideCollectionViewCell.xib in Resources */,
				76188B0728806B150065B3CA /* FocusView.xib in Resources */,
				76188B212880857C0065B3CA /* SpecialCell.xib in Resources */,
				76188B252880859A0065B3CA /* DailyCell.xib in Resources */,
			);
			runOnlyForDeploymentPostprocessing = 0;
		};
/* End PBXResourcesBuildPhase section */

/* Begin PBXShellScriptBuildPhase section */
		106EAFE9F9BF4961DF695F5C /* [CP] Check Pods Manifest.lock */ = {
			isa = PBXShellScriptBuildPhase;
			buildActionMask = 2147483647;
			files = (
			);
			inputFileListPaths = (
			);
			inputPaths = (
				"${PODS_PODFILE_DIR_PATH}/Podfile.lock",
				"${PODS_ROOT}/Manifest.lock",
			);
			name = "[CP] Check Pods Manifest.lock";
			outputFileListPaths = (
			);
			outputPaths = (
				"$(DERIVED_FILE_DIR)/Pods-MarketKurly-checkManifestLockResult.txt",
			);
			runOnlyForDeploymentPostprocessing = 0;
			shellPath = /bin/sh;
			shellScript = "diff \"${PODS_PODFILE_DIR_PATH}/Podfile.lock\" \"${PODS_ROOT}/Manifest.lock\" > /dev/null\nif [ $? != 0 ] ; then\n    # print error to STDERR\n    echo \"error: The sandbox is not in sync with the Podfile.lock. Run 'pod install' or update your CocoaPods installation.\" >&2\n    exit 1\nfi\n# This output is used by Xcode 'outputs' to avoid re-running this script phase.\necho \"SUCCESS\" > \"${SCRIPT_OUTPUT_FILE_0}\"\n";
			showEnvVarsInLog = 0;
		};
		A35B98B692775B394BA89747 /* [CP] Embed Pods Frameworks */ = {
			isa = PBXShellScriptBuildPhase;
			buildActionMask = 2147483647;
			files = (
			);
			inputFileListPaths = (
				"${PODS_ROOT}/Target Support Files/Pods-MarketKurly/Pods-MarketKurly-frameworks-${CONFIGURATION}-input-files.xcfilelist",
			);
			name = "[CP] Embed Pods Frameworks";
			outputFileListPaths = (
				"${PODS_ROOT}/Target Support Files/Pods-MarketKurly/Pods-MarketKurly-frameworks-${CONFIGURATION}-output-files.xcfilelist",
			);
			runOnlyForDeploymentPostprocessing = 0;
			shellPath = /bin/sh;
			shellScript = "\"${PODS_ROOT}/Target Support Files/Pods-MarketKurly/Pods-MarketKurly-frameworks.sh\"\n";
			showEnvVarsInLog = 0;
		};
/* End PBXShellScriptBuildPhase section */

/* Begin PBXSourcesBuildPhase section */
		76188AE5287F14920065B3CA /* Sources */ = {
			isa = PBXSourcesBuildPhase;
			buildActionMask = 2147483647;
			files = (
				76188B33288087AB0065B3CA /* DailyCollectionViewCell.swift in Sources */,
				76188AF1287F14920065B3CA /* HomeViewController.swift in Sources */,
				76188B242880859A0065B3CA /* DailyCell.swift in Sources */,
				76188B1C288085590065B3CA /* BannerCell.swift in Sources */,
				76188B0B288078920065B3CA /* RecommendViewController.swift in Sources */,
				76188B2B288087770065B3CA /* RecommendCollectionViewCell.swift in Sources */,
				76188B14288085080065B3CA /* ImageSlideCell.swift in Sources */,
				76188B2F288087990065B3CA /* ImageSlideCollectionViewCell.swift in Sources */,
				76188B0E288081930065B3CA /* Menu.swift in Sources */,
				76188B202880857C0065B3CA /* SpecialCell.swift in Sources */,
				76188B04288067E60065B3CA /* MenuCell.swift in Sources */,
				76188AED287F14920065B3CA /* AppDelegate.swift in Sources */,
				76188AEF287F14920065B3CA /* SceneDelegate.swift in Sources */,
				76188B18288085450065B3CA /* RecommendCell.swift in Sources */,
				76188B09288078470065B3CA /* SpecialViewController.swift in Sources */,
			);
			runOnlyForDeploymentPostprocessing = 0;
		};
/* End PBXSourcesBuildPhase section */

/* Begin PBXVariantGroup section */
		76188AF2287F14920065B3CA /* Main.storyboard */ = {
			isa = PBXVariantGroup;
			children = (
				76188AF3287F14920065B3CA /* Base */,
			);
			name = Main.storyboard;
			sourceTree = "<group>";
		};
		76188AF7287F14940065B3CA /* LaunchScreen.storyboard */ = {
			isa = PBXVariantGroup;
			children = (
				76188AF8287F14940065B3CA /* Base */,
			);
			name = LaunchScreen.storyboard;
			sourceTree = "<group>";
		};
/* End PBXVariantGroup section */

/* Begin XCBuildConfiguration section */
		76188AFB287F14940065B3CA /* Debug */ = {
			isa = XCBuildConfiguration;
			buildSettings = {
				ALWAYS_SEARCH_USER_PATHS = NO;
				CLANG_ANALYZER_NONNULL = YES;
				CLANG_ANALYZER_NUMBER_OBJECT_CONVERSION = YES_AGGRESSIVE;
				CLANG_CXX_LANGUAGE_STANDARD = "gnu++17";
				CLANG_ENABLE_MODULES = YES;
				CLANG_ENABLE_OBJC_ARC = YES;
				CLANG_ENABLE_OBJC_WEAK = YES;
				CLANG_WARN_BLOCK_CAPTURE_AUTORELEASING = YES;
				CLANG_WARN_BOOL_CONVERSION = YES;
				CLANG_WARN_COMMA = YES;
				CLANG_WARN_CONSTANT_CONVERSION = YES;
				CLANG_WARN_DEPRECATED_OBJC_IMPLEMENTATIONS = YES;
				CLANG_WARN_DIRECT_OBJC_ISA_USAGE = YES_ERROR;
				CLANG_WARN_DOCUMENTATION_COMMENTS = YES;
				CLANG_WARN_EMPTY_BODY = YES;
				CLANG_WARN_ENUM_CONVERSION = YES;
				CLANG_WARN_INFINITE_RECURSION = YES;
				CLANG_WARN_INT_CONVERSION = YES;
				CLANG_WARN_NON_LITERAL_NULL_CONVERSION = YES;
				CLANG_WARN_OBJC_IMPLICIT_RETAIN_SELF = YES;
				CLANG_WARN_OBJC_LITERAL_CONVERSION = YES;
				CLANG_WARN_OBJC_ROOT_CLASS = YES_ERROR;
				CLANG_WARN_QUOTED_INCLUDE_IN_FRAMEWORK_HEADER = YES;
				CLANG_WARN_RANGE_LOOP_ANALYSIS = YES;
				CLANG_WARN_STRICT_PROTOTYPES = YES;
				CLANG_WARN_SUSPICIOUS_MOVE = YES;
				CLANG_WARN_UNGUARDED_AVAILABILITY = YES_AGGRESSIVE;
				CLANG_WARN_UNREACHABLE_CODE = YES;
				CLANG_WARN__DUPLICATE_METHOD_MATCH = YES;
				COPY_PHASE_STRIP = NO;
				DEBUG_INFORMATION_FORMAT = dwarf;
				ENABLE_STRICT_OBJC_MSGSEND = YES;
				ENABLE_TESTABILITY = YES;
				GCC_C_LANGUAGE_STANDARD = gnu11;
				GCC_DYNAMIC_NO_PIC = NO;
				GCC_NO_COMMON_BLOCKS = YES;
				GCC_OPTIMIZATION_LEVEL = 0;
				GCC_PREPROCESSOR_DEFINITIONS = (
					"DEBUG=1",
					"$(inherited)",
				);
				GCC_WARN_64_TO_32_BIT_CONVERSION = YES;
				GCC_WARN_ABOUT_RETURN_TYPE = YES_ERROR;
				GCC_WARN_UNDECLARED_SELECTOR = YES;
				GCC_WARN_UNINITIALIZED_AUTOS = YES_AGGRESSIVE;
				GCC_WARN_UNUSED_FUNCTION = YES;
				GCC_WARN_UNUSED_VARIABLE = YES;
				IPHONEOS_DEPLOYMENT_TARGET = 15.5;
				MTL_ENABLE_DEBUG_INFO = INCLUDE_SOURCE;
				MTL_FAST_MATH = YES;
				ONLY_ACTIVE_ARCH = YES;
				SDKROOT = iphoneos;
				SWIFT_ACTIVE_COMPILATION_CONDITIONS = DEBUG;
				SWIFT_OPTIMIZATION_LEVEL = "-Onone";
			};
			name = Debug;
		};
		76188AFC287F14940065B3CA /* Release */ = {
			isa = XCBuildConfiguration;
			buildSettings = {
				ALWAYS_SEARCH_USER_PATHS = NO;
				CLANG_ANALYZER_NONNULL = YES;
				CLANG_ANALYZER_NUMBER_OBJECT_CONVERSION = YES_AGGRESSIVE;
				CLANG_CXX_LANGUAGE_STANDARD = "gnu++17";
				CLANG_ENABLE_MODULES = YES;
				CLANG_ENABLE_OBJC_ARC = YES;
				CLANG_ENABLE_OBJC_WEAK = YES;
				CLANG_WARN_BLOCK_CAPTURE_AUTORELEASING = YES;
				CLANG_WARN_BOOL_CONVERSION = YES;
				CLANG_WARN_COMMA = YES;
				CLANG_WARN_CONSTANT_CONVERSION = YES;
				CLANG_WARN_DEPRECATED_OBJC_IMPLEMENTATIONS = YES;
				CLANG_WARN_DIRECT_OBJC_ISA_USAGE = YES_ERROR;
				CLANG_WARN_DOCUMENTATION_COMMENTS = YES;
				CLANG_WARN_EMPTY_BODY = YES;
				CLANG_WARN_ENUM_CONVERSION = YES;
				CLANG_WARN_INFINITE_RECURSION = YES;
				CLANG_WARN_INT_CONVERSION = YES;
				CLANG_WARN_NON_LITERAL_NULL_CONVERSION = YES;
				CLANG_WARN_OBJC_IMPLICIT_RETAIN_SELF = YES;
				CLANG_WARN_OBJC_LITERAL_CONVERSION = YES;
				CLANG_WARN_OBJC_ROOT_CLASS = YES_ERROR;
				CLANG_WARN_QUOTED_INCLUDE_IN_FRAMEWORK_HEADER = YES;
				CLANG_WARN_RANGE_LOOP_ANALYSIS = YES;
				CLANG_WARN_STRICT_PROTOTYPES = YES;
				CLANG_WARN_SUSPICIOUS_MOVE = YES;
				CLANG_WARN_UNGUARDED_AVAILABILITY = YES_AGGRESSIVE;
				CLANG_WARN_UNREACHABLE_CODE = YES;
				CLANG_WARN__DUPLICATE_METHOD_MATCH = YES;
				COPY_PHASE_STRIP = NO;
				DEBUG_INFORMATION_FORMAT = "dwarf-with-dsym";
				ENABLE_NS_ASSERTIONS = NO;
				ENABLE_STRICT_OBJC_MSGSEND = YES;
				GCC_C_LANGUAGE_STANDARD = gnu11;
				GCC_NO_COMMON_BLOCKS = YES;
				GCC_WARN_64_TO_32_BIT_CONVERSION = YES;
				GCC_WARN_ABOUT_RETURN_TYPE = YES_ERROR;
				GCC_WARN_UNDECLARED_SELECTOR = YES;
				GCC_WARN_UNINITIALIZED_AUTOS = YES_AGGRESSIVE;
				GCC_WARN_UNUSED_FUNCTION = YES;
				GCC_WARN_UNUSED_VARIABLE = YES;
				IPHONEOS_DEPLOYMENT_TARGET = 15.5;
				MTL_ENABLE_DEBUG_INFO = NO;
				MTL_FAST_MATH = YES;
				SDKROOT = iphoneos;
				SWIFT_COMPILATION_MODE = wholemodule;
				SWIFT_OPTIMIZATION_LEVEL = "-O";
				VALIDATE_PRODUCT = YES;
			};
			name = Release;
		};
		76188AFE287F14940065B3CA /* Debug */ = {
			isa = XCBuildConfiguration;
			baseConfigurationReference = 0C1005300A484C528A4CD012 /* Pods-MarketKurly.debug.xcconfig */;
			buildSettings = {
				ASSETCATALOG_COMPILER_APPICON_NAME = AppIcon;
				ASSETCATALOG_COMPILER_GLOBAL_ACCENT_COLOR_NAME = AccentColor;
				CODE_SIGN_STYLE = Automatic;
				CURRENT_PROJECT_VERSION = 1;
				DEVELOPMENT_TEAM = Y7PRM9H29K;
				GENERATE_INFOPLIST_FILE = YES;
				INFOPLIST_FILE = MarketKurly/Info.plist;
				INFOPLIST_KEY_UIApplicationSupportsIndirectInputEvents = YES;
				INFOPLIST_KEY_UILaunchStoryboardName = LaunchScreen;
				INFOPLIST_KEY_UIMainStoryboardFile = Main;
				INFOPLIST_KEY_UISupportedInterfaceOrientations_iPad = "UIInterfaceOrientationPortrait UIInterfaceOrientationPortraitUpsideDown UIInterfaceOrientationLandscapeLeft UIInterfaceOrientationLandscapeRight";
				INFOPLIST_KEY_UISupportedInterfaceOrientations_iPhone = "UIInterfaceOrientationPortrait UIInterfaceOrientationLandscapeLeft UIInterfaceOrientationLandscapeRight";
				LD_RUNPATH_SEARCH_PATHS = (
					"$(inherited)",
					"@executable_path/Frameworks",
				);
				MARKETING_VERSION = 1.0;
				PRODUCT_BUNDLE_IDENTIFIER = com.ohjun.MarketKurly;
				PRODUCT_NAME = "$(TARGET_NAME)";
				SWIFT_EMIT_LOC_STRINGS = YES;
				SWIFT_VERSION = 5.0;
				TARGETED_DEVICE_FAMILY = "1,2";
			};
			name = Debug;
		};
		76188AFF287F14940065B3CA /* Release */ = {
			isa = XCBuildConfiguration;
			baseConfigurationReference = B769914649E912169AAC0D4A /* Pods-MarketKurly.release.xcconfig */;
			buildSettings = {
				ASSETCATALOG_COMPILER_APPICON_NAME = AppIcon;
				ASSETCATALOG_COMPILER_GLOBAL_ACCENT_COLOR_NAME = AccentColor;
				CODE_SIGN_STYLE = Automatic;
				CURRENT_PROJECT_VERSION = 1;
				DEVELOPMENT_TEAM = Y7PRM9H29K;
				GENERATE_INFOPLIST_FILE = YES;
				INFOPLIST_FILE = MarketKurly/Info.plist;
				INFOPLIST_KEY_UIApplicationSupportsIndirectInputEvents = YES;
				INFOPLIST_KEY_UILaunchStoryboardName = LaunchScreen;
				INFOPLIST_KEY_UIMainStoryboardFile = Main;
				INFOPLIST_KEY_UISupportedInterfaceOrientations_iPad = "UIInterfaceOrientationPortrait UIInterfaceOrientationPortraitUpsideDown UIInterfaceOrientationLandscapeLeft UIInterfaceOrientationLandscapeRight";
				INFOPLIST_KEY_UISupportedInterfaceOrientations_iPhone = "UIInterfaceOrientationPortrait UIInterfaceOrientationLandscapeLeft UIInterfaceOrientationLandscapeRight";
				LD_RUNPATH_SEARCH_PATHS = (
					"$(inherited)",
					"@executable_path/Frameworks",
				);
				MARKETING_VERSION = 1.0;
				PRODUCT_BUNDLE_IDENTIFIER = com.ohjun.MarketKurly;
				PRODUCT_NAME = "$(TARGET_NAME)";
				SWIFT_EMIT_LOC_STRINGS = YES;
				SWIFT_VERSION = 5.0;
				TARGETED_DEVICE_FAMILY = "1,2";
			};
			name = Release;
		};
/* End XCBuildConfiguration section */

/* Begin XCConfigurationList section */
		76188AE4287F14920065B3CA /* Build configuration list for PBXProject "MarketKurly" */ = {
			isa = XCConfigurationList;
			buildConfigurations = (
				76188AFB287F14940065B3CA /* Debug */,
				76188AFC287F14940065B3CA /* Release */,
			);
			defaultConfigurationIsVisible = 0;
			defaultConfigurationName = Release;
		};
		76188AFD287F14940065B3CA /* Build configuration list for PBXNativeTarget "MarketKurly" */ = {
			isa = XCConfigurationList;
			buildConfigurations = (
				76188AFE287F14940065B3CA /* Debug */,
				76188AFF287F14940065B3CA /* Release */,
			);
			defaultConfigurationIsVisible = 0;
			defaultConfigurationName = Release;
		};
/* End XCConfigurationList section */
	};
	rootObject = 76188AE1287F14920065B3CA /* Project object */;
}
